// !$*UTF8*$!
{
	archiveVersion = 1;
	classes = {
	};
	objectVersion = 46;
	objects = {

/* Begin PBXBuildFile section */
		F2A73E7E1ADCC68300F7EF89 /* AppDelegate.swift in Sources */ = {isa = PBXBuildFile; fileRef = F2A73E7D1ADCC68300F7EF89 /* AppDelegate.swift */; };
		F2A73E801ADCC68300F7EF89 /* ViewController.swift in Sources */ = {isa = PBXBuildFile; fileRef = F2A73E7F1ADCC68300F7EF89 /* ViewController.swift */; };
		F2A73E831ADCC68300F7EF89 /* Main.storyboard in Resources */ = {isa = PBXBuildFile; fileRef = F2A73E811ADCC68300F7EF89 /* Main.storyboard */; };
		F2A73E851ADCC68300F7EF89 /* Images.xcassets in Resources */ = {isa = PBXBuildFile; fileRef = F2A73E841ADCC68300F7EF89 /* Images.xcassets */; };
		F2A73E881ADCC68300F7EF89 /* LaunchScreen.xib in Resources */ = {isa = PBXBuildFile; fileRef = F2A73E861ADCC68300F7EF89 /* LaunchScreen.xib */; };
		F2A73E941ADCC68300F7EF89 /* TapMeTests.swift in Sources */ = {isa = PBXBuildFile; fileRef = F2A73E931ADCC68300F7EF89 /* TapMeTests.swift */; };
/* End PBXBuildFile section */

/* Begin PBXContainerItemProxy section */
		F2A73E8E1ADCC68300F7EF89 /* PBXContainerItemProxy */ = {
			isa = PBXContainerItemProxy;
			containerPortal = F2A73E701ADCC68300F7EF89 /* Project object */;
			proxyType = 1;
			remoteGlobalIDString = F2A73E771ADCC68300F7EF89;
			remoteInfo = TapMe;
		};
/* End PBXContainerItemProxy section */

/* Begin PBXFileReference section */
		F2A73E781ADCC68300F7EF89 /* TapMe.app */ = {isa = PBXFileReference; explicitFileType = wrapper.application; includeInIndex = 0; path = TapMe.app; sourceTree = BUILT_PRODUCTS_DIR; };
		F2A73E7C1ADCC68300F7EF89 /* Info.plist */ = {isa = PBXFileReference; lastKnownFileType = text.plist.xml; path = Info.plist; sourceTree = "<group>"; };
		F2A73E7D1ADCC68300F7EF89 /* AppDelegate.swift */ = {isa = PBXFileReference; lastKnownFileType = sourcecode.swift; path = AppDelegate.swift; sourceTree = "<group>"; };
		F2A73E7F1ADCC68300F7EF89 /* ViewController.swift */ = {isa = PBXFileReference; lastKnownFileType = sourcecode.swift; path = ViewController.swift; sourceTree = "<group>"; };
		F2A73E821ADCC68300F7EF89 /* Base */ = {isa = PBXFileReference; lastKnownFileType = file.storyboard; name = Base; path = Base.lproj/Main.storyboard; sourceTree = "<group>"; };
		F2A73E841ADCC68300F7EF89 /* Images.xcassets */ = {isa = PBXFileReference; lastKnownFileType = folder.assetcatalog; path = Images.xcassets; sourceTree = "<group>"; };
		F2A73E871ADCC68300F7EF89 /* Base */ = {isa = PBXFileReference; lastKnownFileType = file.xib; name = Base; path = Base.lproj/LaunchScreen.xib; sourceTree = "<group>"; };
		F2A73E8D1ADCC68300F7EF89 /* TapMeTests.xctest */ = {isa = PBXFileReference; explicitFileType = wrapper.cfbundle; includeInIndex = 0; path = TapMeTests.xctest; sourceTree = BUILT_PRODUCTS_DIR; };
		F2A73E921ADCC68300F7EF89 /* Info.plist */ = {isa = PBXFileReference; lastKnownFileType = text.plist.xml; path = Info.plist; sourceTree = "<group>"; };
		F2A73E931ADCC68300F7EF89 /* TapMeTests.swift */ = {isa = PBXFileReference; lastKnownFileType = sourcecode.swift; path = TapMeTests.swift; sourceTree = "<group>"; };
/* End PBXFileReference section */

/* Begin PBXFrameworksBuildPhase section */
		F2A73E751ADCC68300F7EF89 /* Frameworks */ = {
			isa = PBXFrameworksBuildPhase;
			buildActionMask = 2147483647;
			files = (
			);
			runOnlyForDeploymentPostprocessing = 0;
		};
		F2A73E8A1ADCC68300F7EF89 /* Frameworks */ = {
			isa = PBXFrameworksBuildPhase;
			buildActionMask = 2147483647;
			files = (
			);
			runOnlyForDeploymentPostprocessing = 0;
		};
/* End PBXFrameworksBuildPhase section */

/* Begin PBXGroup section */
		F2A73E6F1ADCC68300F7EF89 = {
			isa = PBXGroup;
			children = (
				F2A73E7A1ADCC68300F7EF89 /* TapMe */,
				F2A73E901ADCC68300F7EF89 /* TapMeTests */,
				F2A73E791ADCC68300F7EF89 /* Products */,
			);
			sourceTree = "<group>";
		};
		F2A73E791ADCC68300F7EF89 /* Products */ = {
			isa = PBXGroup;
			children = (
				F2A73E781ADCC68300F7EF89 /* TapMe.app */,
				F2A73E8D1ADCC68300F7EF89 /* TapMeTests.xctest */,
			);
			name = Products;
			sourceTree = "<group>";
		};
		F2A73E7A1ADCC68300F7EF89 /* TapMe */ = {
			isa = PBXGroup;
			children = (
				F2A73E7D1ADCC68300F7EF89 /* AppDelegate.swift */,
				F2A73E7F1ADCC68300F7EF89 /* ViewController.swift */,
				F2A73E811ADCC68300F7EF89 /* Main.storyboard */,
				F2A73E841ADCC68300F7EF89 /* Images.xcassets */,
				F2A73E861ADCC68300F7EF89 /* LaunchScreen.xib */,
				F2A73E7B1ADCC68300F7EF89 /* Supporting Files */,
			);
			path = TapMe;
			sourceTree = "<group>";
		};
		F2A73E7B1ADCC68300F7EF89 /* Supporting Files */ = {
			isa = PBXGroup;
			children = (
				F2A73E7C1ADCC68300F7EF89 /* Info.plist */,
			);
			name = "Supporting Files";
			sourceTree = "<group>";
		};
		F2A73E901ADCC68300F7EF89 /* TapMeTests */ = {
			isa = PBXGroup;
			children = (
				F2A73E931ADCC68300F7EF89 /* TapMeTests.swift */,
				F2A73E911ADCC68300F7EF89 /* Supporting Files */,
			);
			path = TapMeTests;
			sourceTree = "<group>";
		};
		F2A73E911ADCC68300F7EF89 /* Supporting Files */ = {
			isa = PBXGroup;
			children = (
				F2A73E921ADCC68300F7EF89 /* Info.plist */,
			);
			name = "Supporting Files";
			sourceTree = "<group>";
		};
/* End PBXGroup section */

/* Begin PBXNativeTarget section */
		F2A73E771ADCC68300F7EF89 /* TapMe */ = {
			isa = PBXNativeTarget;
			buildConfigurationList = F2A73E971ADCC68300F7EF89 /* Build configuration list for PBXNativeTarget "TapMe" */;
			buildPhases = (
				F2A73E741ADCC68300F7EF89 /* Sources */,
				F2A73E751ADCC68300F7EF89 /* Frameworks */,
				F2A73E761ADCC68300F7EF89 /* Resources */,
			);
			buildRules = (
			);
			dependencies = (
			);
			name = TapMe;
			productName = TapMe;
			productReference = F2A73E781ADCC68300F7EF89 /* TapMe.app */;
			productType = "com.apple.product-type.application";
		};
		F2A73E8C1ADCC68300F7EF89 /* TapMeTests */ = {
			isa = PBXNativeTarget;
			buildConfigurationList = F2A73E9A1ADCC68300F7EF89 /* Build configuration list for PBXNativeTarget "TapMeTests" */;
			buildPhases = (
				F2A73E891ADCC68300F7EF89 /* Sources */,
				F2A73E8A1ADCC68300F7EF89 /* Frameworks */,
				F2A73E8B1ADCC68300F7EF89 /* Resources */,
			);
			buildRules = (
			);
			dependencies = (
				F2A73E8F1ADCC68300F7EF89 /* PBXTargetDependency */,
			);
			name = TapMeTests;
			productName = TapMeTests;
			productReference = F2A73E8D1ADCC68300F7EF89 /* TapMeTests.xctest */;
			productType = "com.apple.product-type.bundle.unit-test";
		};
/* End PBXNativeTarget section */

/* Begin PBXProject section */
		F2A73E701ADCC68300F7EF89 /* Project object */ = {
			isa = PBXProject;
			attributes = {
				LastUpgradeCheck = 0610;
				ORGANIZATIONNAME = Fiona;
				TargetAttributes = {
					F2A73E771ADCC68300F7EF89 = {
						CreatedOnToolsVersion = 6.1.1;
					};
					F2A73E8C1ADCC68300F7EF89 = {
						CreatedOnToolsVersion = 6.1.1;
						TestTargetID = F2A73E771ADCC68300F7EF89;
					};
				};
			};
			buildConfigurationList = F2A73E731ADCC68300F7EF89 /* Build configuration list for PBXProject "TapMe" */;
			compatibilityVersion = "Xcode 3.2";
			developmentRegion = English;
			hasScannedForEncodings = 0;
			knownRegions = (
				en,
				Base,
			);
			mainGroup = F2A73E6F1ADCC68300F7EF89;
			productRefGroup = F2A73E791ADCC68300F7EF89 /* Products */;
			projectDirPath = "";
			projectRoot = "";
			targets = (
				F2A73E771ADCC68300F7EF89 /* TapMe */,
				F2A73E8C1ADCC68300F7EF89 /* TapMeTests */,
			);
		};
/* End PBXProject section */

/* Begin PBXResourcesBuildPhase section */
		F2A73E761ADCC68300F7EF89 /* Resources */ = {
			isa = PBXResourcesBuildPhase;
			buildActionMask = 2147483647;
			files = (
				F2A73E831ADCC68300F7EF89 /* Main.storyboard in Resources */,
				F2A73E881ADCC68300F7EF89 /* LaunchScreen.xib in Resources */,
				F2A73E851ADCC68300F7EF89 /* Images.xcassets in Resources */,
			);
			runOnlyForDeploymentPostprocessing = 0;
		};
		F2A73E8B1ADCC68300F7EF89 /* Resources */ = {
			isa = PBXResourcesBuildPhase;
			buildActionMask = 2147483647;
			files = (
			);
			runOnlyForDeploymentPostprocessing = 0;
		};
/* End PBXResourcesBuildPhase section */

/* Begin PBXSourcesBuildPhase section */
		F2A73E741ADCC68300F7EF89 /* Sources */ = {
			isa = PBXSourcesBuildPhase;
			buildActionMask = 2147483647;
			files = (
				F2A73E801ADCC68300F7EF89 /* ViewController.swift in Sources */,
				F2A73E7E1ADCC68300F7EF89 /* AppDelegate.swift in Sources */,
			);
			runOnlyForDeploymentPostprocessing = 0;
		};
		F2A73E891ADCC68300F7EF89 /* Sources */ = {
			isa = PBXSourcesBuildPhase;
			buildActionMask = 2147483647;
			files = (
				F2A73E941ADCC68300F7EF89 /* TapMeTests.swift in Sources */,
			);
			runOnlyForDeploymentPostprocessing = 0;
		};
/* End PBXSourcesBuildPhase section */

/* Begin PBXTargetDependency section */
		F2A73E8F1ADCC68300F7EF89 /* PBXTargetDependency */ = {
			isa = PBXTargetDependency;
			target = F2A73E771ADCC68300F7EF89 /* TapMe */;
			targetProxy = F2A73E8E1ADCC68300F7EF89 /* PBXContainerItemProxy */;
		};
/* End PBXTargetDependency section */

/* Begin PBXVariantGroup section */
		F2A73E811ADCC68300F7EF89 /* Main.storyboard */ = {
			isa = PBXVariantGroup;
			children = (
				F2A73E821ADCC68300F7EF89 /* Base */,
			);
			name = Main.storyboard;
			sourceTree = "<group>";
		};
		F2A73E861ADCC68300F7EF89 /* LaunchScreen.xib */ = {
			isa = PBXVariantGroup;
			children = (
				F2A73E871ADCC68300F7EF89 /* Base */,
			);
			name = LaunchScreen.xib;
			sourceTree = "<group>";
		};
/* End PBXVariantGroup section */

/* Begin XCBuildConfiguration section */
		F2A73E951ADCC68300F7EF89 /* Debug */ = {
			isa = XCBuildConfiguration;
			buildSettings = {
				ALWAYS_SEARCH_USER_PATHS = NO;
				CLANG_CXX_LANGUAGE_STANDARD = "gnu++0x";
				CLANG_CXX_LIBRARY = "libc++";
				CLANG_ENABLE_MODULES = YES;
				CLANG_ENABLE_OBJC_ARC = YES;
				CLANG_WARN_BOOL_CONVERSION = YES;
				CLANG_WARN_CONSTANT_CONVERSION = YES;
				CLANG_WARN_DIRECT_OBJC_ISA_USAGE = YES_ERROR;
				CLANG_WARN_EMPTY_BODY = YES;
				CLANG_WARN_ENUM_CONVERSION = YES;
				CLANG_WARN_INT_CONVERSION = YES;
				CLANG_WARN_OBJC_ROOT_CLASS = YES_ERROR;
				CLANG_WARN_UNREACHABLE_CODE = YES;
				CLANG_WARN__DUPLICATE_METHOD_MATCH = YES;
				"CODE_SIGN_IDENTITY[sdk=iphoneos*]" = "iPhone Developer";
				COPY_PHASE_STRIP = NO;
				ENABLE_STRICT_OBJC_MSGSEND = YES;
				GCC_C_LANGUAGE_STANDARD = gnu99;
				GCC_DYNAMIC_NO_PIC = NO;
				GCC_OPTIMIZATION_LEVEL = 0;
				GCC_PREPROCESSOR_DEFINITIONS = (
					"DEBUG=1",
					"$(inherited)",
				);
				GCC_SYMBOLS_PRIVATE_EXTERN = NO;
				GCC_WARN_64_TO_32_BIT_CONVERSION = YES;
				GCC_WARN_ABOUT_RETURN_TYPE = YES_ERROR;
				GCC_WARN_UNDECLARED_SELECTOR = YES;
				GCC_WARN_UNINITIALIZED_AUTOS = YES_AGGRESSIVE;
				GCC_WARN_UNUSED_FUNCTION = YES;
				GCC_WARN_UNUSED_VARIABLE = YES;
				IPHONEOS_DEPLOYMENT_TARGET = 8.1;
				MTL_ENABLE_DEBUG_INFO = YES;
				ONLY_ACTIVE_ARCH = YES;
				SDKROOT = iphoneos;
				SWIFT_OPTIMIZATION_LEVEL = "-Onone";
			};
			name = Debug;
		};
		F2A73E961ADCC68300F7EF89 /* Release */ = {
			isa = XCBuildConfiguration;
			buildSettings = {
				ALWAYS_SEARCH_USER_PATHS = NO;
				CLANG_CXX_LANGUAGE_STANDARD = "gnu++0x";
				CLANG_CXX_LIBRARY = "libc++";
				CLANG_ENABLE_MODULES = YES;
				CLANG_ENABLE_OBJC_ARC = YES;
				CLANG_WARN_BOOL_CONVERSION = YES;
				CLANG_WARN_CONSTANT_CONVERSION = YES;
				CLANG_WARN_DIRECT_OBJC_ISA_USAGE = YES_ERROR;
				CLANG_WARN_EMPTY_BODY = YES;
				CLANG_WARN_ENUM_CONVERSION = YES;
				CLANG_WARN_INT_CONVERSION = YES;
				CLANG_WARN_OBJC_ROOT_CLASS = YES_ERROR;
				CLANG_WARN_UNREACHABLE_CODE = YES;
				CLANG_WARN__DUPLICATE_METHOD_MATCH = YES;
				"CODE_SIGN_IDENTITY[sdk=iphoneos*]" = "iPhone Developer";
				COPY_PHASE_STRIP = YES;
				ENABLE_NS_ASSERTIONS = NO;
				ENABLE_STRICT_OBJC_MSGSEND = YES;
				GCC_C_LANGUAGE_STANDARD = gnu99;
				GCC_WARN_64_TO_32_BIT_CONVERSION = YES;
				GCC_WARN_ABOUT_RETURN_TYPE = YES_ERROR;
				GCC_WARN_UNDECLARED_SELECTOR = YES;
				GCC_WARN_UNINITIALIZED_AUTOS = YES_AGGRESSIVE;
				GCC_WARN_UNUSED_FUNCTION = YES;
				GCC_WARN_UNUSED_VARIABLE = YES;
				IPHONEOS_DEPLOYMENT_TARGET = 8.1;
				MTL_ENABLE_DEBUG_INFO = NO;
				SDKROOT = iphoneos;
				VALIDATE_PRODUCT = YES;
			};
			name = Release;
		};
		F2A73E981ADCC68300F7EF89 /* Debug */ = {
			isa = XCBuildConfiguration;
			buildSettings = {
				ASSETCATALOG_COMPILER_APPICON_NAME = AppIcon;
				INFOPLIST_FILE = TapMe/Info.plist;
				LD_RUNPATH_SEARCH_PATHS = "$(inherited) @executable_path/Frameworks";
				PRODUCT_NAME = "$(TARGET_NAME)";
			};
			name = Debug;
		};
		F2A73E991ADCC68300F7EF89 /* Release */ = {
			isa = XCBuildConfiguration;
			buildSettings = {
				ASSETCATALOG_COMPILER_APPICON_NAME = AppIcon;
				INFOPLIST_FILE = TapMe/Info.plist;
				LD_RUNPATH_SEARCH_PATHS = "$(inherited) @executable_path/Frameworks";
				PRODUCT_NAME = "$(TARGET_NAME)";
			};
			name = Release;
		};
		F2A73E9B1ADCC68300F7EF89 /* Debug */ = {
			isa = XCBuildConfiguration;
			buildSettings = {
				BUNDLE_LOADER = "$(TEST_HOST)";
				FRAMEWORK_SEARCH_PATHS = (
					"$(SDKROOT)/Developer/Library/Frameworks",
					"$(inherited)",
				);
				GCC_PREPROCESSOR_DEFINITIONS = (
					"DEBUG=1",
					"$(inherited)",
				);
				INFOPLIST_FILE = TapMeTests/Info.plist;
				LD_RUNPATH_SEARCH_PATHS = "$(inherited) @executable_path/Frameworks @loader_path/Frameworks";
				PRODUCT_NAME = "$(TARGET_NAME)";
				TEST_HOST = "$(BUILT_PRODUCTS_DIR)/TapMe.app/TapMe";
			};
			name = Debug;
		};
		F2A73E9C1ADCC68300F7EF89 /* Release */ = {
			isa = XCBuildConfiguration;
			buildSettings = {
				BUNDLE_LOADER = "$(TEST_HOST)";
				FRAMEWORK_SEARCH_PATHS = (
					"$(SDKROOT)/Developer/Library/Frameworks",
					"$(inherited)",
				);
				INFOPLIST_FILE = TapMeTests/Info.plist;
				LD_RUNPATH_SEARCH_PATHS = "$(inherited) @executable_path/Frameworks @loader_path/Frameworks";
				PRODUCT_NAME = "$(TARGET_NAME)";
				TEST_HOST = "$(BUILT_PRODUCTS_DIR)/TapMe.app/TapMe";
			};
			name = Release;
		};
/* End XCBuildConfiguration section */

/* Begin XCConfigurationList section */
		F2A73E731ADCC68300F7EF89 /* Build configuration list for PBXProject "TapMe" */ = {
			isa = XCConfigurationList;
			buildConfigurations = (
				F2A73E951ADCC68300F7EF89 /* Debug */,
				F2A73E961ADCC68300F7EF89 /* Release */,
			);
			defaultConfigurationIsVisible = 0;
			defaultConfigurationName = Release;
		};
		F2A73E971ADCC68300F7EF89 /* Build configuration list for PBXNativeTarget "TapMe" */ = {
			isa = XCConfigurationList;
			buildConfigurations = (
				F2A73E981ADCC68300F7EF89 /* Debug */,
				F2A73E991ADCC68300F7EF89 /* Release */,
			);
			defaultConfigurationIsVisible = 0;
		};
		F2A73E9A1ADCC68300F7EF89 /* Build configuration list for PBXNativeTarget "TapMeTests" */ = {
			isa = XCConfigurationList;
			buildConfigurations = (
				F2A73E9B1ADCC68300F7EF89 /* Debug */,
				F2A73E9C1ADCC68300F7EF89 /* Release */,
			);
			defaultConfigurationIsVisible = 0;
		};
/* End XCConfigurationList section */
	};
	rootObject = F2A73E701ADCC68300F7EF89 /* Project object */;
}
